
Microsoft Visual Studio Solution File, Format Version 12.00
# Visual Studio Express 2013 for Web
VisualStudioVersion = 12.0.21005.1
MinimumVisualStudioVersion = 10.0.40219.1
Project("{FAE04EC0-301F-11D3-BF4B-00C04F79EFBC}") = "SpecCourse_Lab2", "SpecCourse_Lab2\SpecCourse_Lab2.csproj", "{638AA79E-1280-4779-B0E2-C690BE54B222}"
EndProject
Project("{FAE04EC0-301F-11D3-BF4B-00C04F79EFBC}") = "SpecCourse_Lab2.Tests", "SpecCourse_Lab2.Tests\SpecCourse_Lab2.Tests.csproj", "{68F17568-DCAF-40CB-83AC-D6305548D68D}"
EndProject
Project("{FAE04EC0-301F-11D3-BF4B-00C04F79EFBC}") = "LibraryWcfService", "LibraryWcfService\LibraryWcfService.csproj", "{CF2B5263-D60D-4CFB-970B-E115E5D2A415}"
EndProject
Project("{FAE04EC0-301F-11D3-BF4B-00C04F79EFBC}") = "SpecCourse_Lab2WithAuth", "SpecCourse_Lab2WithAuth\SpecCourse_Lab2WithAuth.csproj", "{DA5EEBC5-161A-4B99-9A68-3255DE29A8CC}"
EndProject
Global
	GlobalSection(SolutionConfigurationPlatforms) = preSolution
		Debug|Any CPU = Debug|Any CPU
		Release|Any CPU = Release|Any CPU
	EndGlobalSection
	GlobalSection(ProjectConfigurationPlatforms) = postSolution
		{638AA79E-1280-4779-B0E2-C690BE54B222}.Debug|Any CPU.ActiveCfg = Debug|Any CPU
		{638AA79E-1280-4779-B0E2-C690BE54B222}.Debug|Any CPU.Build.0 = Debug|Any CPU
		{638AA79E-1280-4779-B0E2-C690BE54B222}.Release|Any CPU.ActiveCfg = Release|Any CPU
		{638AA79E-1280-4779-B0E2-C690BE54B222}.Release|Any CPU.Build.0 = Release|Any CPU
		{68F17568-DCAF-40CB-83AC-D6305548D68D}.Debug|Any CPU.ActiveCfg = Debug|Any CPU
		{68F17568-DCAF-40CB-83AC-D6305548D68D}.Debug|Any CPU.Build.0 = Debug|Any CPU
		{68F17568-DCAF-40CB-83AC-D6305548D68D}.Release|Any CPU.ActiveCfg = Release|Any CPU
		{68F17568-DCAF-40CB-83AC-D6305548D68D}.Release|Any CPU.Build.0 = Release|Any CPU
		{CF2B5263-D60D-4CFB-970B-E115E5D2A415}.Debug|Any CPU.ActiveCfg = Debug|Any CPU
		{CF2B5263-D60D-4CFB-970B-E115E5D2A415}.Debug|Any CPU.Build.0 = Debug|Any CPU
		{CF2B5263-D60D-4CFB-970B-E115E5D2A415}.Release|Any CPU.ActiveCfg = Release|Any CPU
		{CF2B5263-D60D-4CFB-970B-E115E5D2A415}.Release|Any CPU.Build.0 = Release|Any CPU
		{DA5EEBC5-161A-4B99-9A68-3255DE29A8CC}.Debug|Any CPU.ActiveCfg = Debug|Any CPU
		{DA5EEBC5-161A-4B99-9A68-3255DE29A8CC}.Debug|Any CPU.Build.0 = Debug|Any CPU
		{DA5EEBC5-161A-4B99-9A68-3255DE29A8CC}.Release|Any CPU.ActiveCfg = Release|Any CPU
		{DA5EEBC5-161A-4B99-9A68-3255DE29A8CC}.Release|Any CPU.Build.0 = Release|Any CPU
	EndGlobalSection
	GlobalSection(SolutionProperties) = preSolution
		HideSolutionNode = FALSE
	EndGlobalSection
EndGlobal
